
Microsoft Visual Studio Solution File, Format Version 12.00
# Visual Studio Version 17
VisualStudioVersion = 17.7.34202.233
MinimumVisualStudioVersion = 10.0.40219.1
Project("{FAE04EC0-301F-11D3-BF4B-00C04F79EFBC}") = "SliderAndText", "SliderAndText.csproj", "{274CA82F-A634-45E3-AA51-5805C9642044}"
EndProject
Global
	GlobalSection(SolutionConfigurationPlatforms) = preSolution
		Debug|Any CPU = Debug|Any CPU
		Release|Any CPU = Release|Any CPU
	EndGlobalSection
	GlobalSection(ProjectConfigurationPlatforms) = postSolution
		{274CA82F-A634-45E3-AA51-5805C9642044}.Debug|Any CPU.ActiveCfg = Debug|Any CPU
		{274CA82F-A634-45E3-AA51-5805C9642044}.Debug|Any CPU.Build.0 = Debug|Any CPU
		{274CA82F-A634-45E3-AA51-5805C9642044}.Release|Any CPU.ActiveCfg = Release|Any CPU
		{274CA82F-A634-45E3-AA51-5805C9642044}.Release|Any CPU.Build.0 = Release|Any CPU
	EndGlobalSection
	GlobalSection(SolutionProperties) = preSolution
		HideSolutionNode = FALSE
	EndGlobalSection
	GlobalSection(ExtensibilityGlobals) = postSolution
		SolutionGuid = {B5A7B6E0-4A59-40DE-849D-04E633CB32EA}
	EndGlobalSection
EndGlobal
