
Microsoft Visual Studio Solution File, Format Version 12.00
# Visual Studio Version 17
VisualStudioVersion = 17.8.34408.163
MinimumVisualStudioVersion = 10.0.40219.1
Project("{FAE04EC0-301F-11D3-BF4B-00C04F79EFBC}") = "картинки по значению", "картинки по значению\картинки по значению.csproj", "{AAB5FC26-E0AD-4784-B497-FFA44970F609}"
EndProject
Global
	GlobalSection(SolutionConfigurationPlatforms) = preSolution
		Debug|Any CPU = Debug|Any CPU
		Release|Any CPU = Release|Any CPU
	EndGlobalSection
	GlobalSection(ProjectConfigurationPlatforms) = postSolution
		{AAB5FC26-E0AD-4784-B497-FFA44970F609}.Debug|Any CPU.ActiveCfg = Debug|Any CPU
		{AAB5FC26-E0AD-4784-B497-FFA44970F609}.Debug|Any CPU.Build.0 = Debug|Any CPU
		{AAB5FC26-E0AD-4784-B497-FFA44970F609}.Release|Any CPU.ActiveCfg = Release|Any CPU
		{AAB5FC26-E0AD-4784-B497-FFA44970F609}.Release|Any CPU.Build.0 = Release|Any CPU
	EndGlobalSection
	GlobalSection(SolutionProperties) = preSolution
		HideSolutionNode = FALSE
	EndGlobalSection
	GlobalSection(ExtensibilityGlobals) = postSolution
		SolutionGuid = {2196D6A5-6DDF-4AD1-9A8B-4B0B9B8768AB}
	EndGlobalSection
EndGlobal
