
Microsoft Visual Studio Solution File, Format Version 12.00
# Visual Studio Version 17
VisualStudioVersion = 17.7.34202.233
MinimumVisualStudioVersion = 10.0.40219.1
Project("{FAE04EC0-301F-11D3-BF4B-00C04F79EFBC}") = "ListsFieldsButtons", "ListsFieldsButtons.csproj", "{C9548B11-DB18-493E-A60E-0C1A6A5016BA}"
EndProject
Global
	GlobalSection(SolutionConfigurationPlatforms) = preSolution
		Debug|Any CPU = Debug|Any CPU
		Release|Any CPU = Release|Any CPU
	EndGlobalSection
	GlobalSection(ProjectConfigurationPlatforms) = postSolution
		{C9548B11-DB18-493E-A60E-0C1A6A5016BA}.Debug|Any CPU.ActiveCfg = Debug|Any CPU
		{C9548B11-DB18-493E-A60E-0C1A6A5016BA}.Debug|Any CPU.Build.0 = Debug|Any CPU
		{C9548B11-DB18-493E-A60E-0C1A6A5016BA}.Release|Any CPU.ActiveCfg = Release|Any CPU
		{C9548B11-DB18-493E-A60E-0C1A6A5016BA}.Release|Any CPU.Build.0 = Release|Any CPU
	EndGlobalSection
	GlobalSection(SolutionProperties) = preSolution
		HideSolutionNode = FALSE
	EndGlobalSection
	GlobalSection(ExtensibilityGlobals) = postSolution
		SolutionGuid = {C89B87F1-6D68-4E3E-9055-8156E20985DE}
	EndGlobalSection
EndGlobal
