
Microsoft Visual Studio Solution File, Format Version 12.00
# Visual Studio Version 17
VisualStudioVersion = 17.8.34408.163
MinimumVisualStudioVersion = 10.0.40219.1
Project("{FAE04EC0-301F-11D3-BF4B-00C04F79EFBC}") = "счетчик кликов", "счетчик кликов\счетчик кликов.csproj", "{95BC931A-2F6B-43A2-B0D5-379F12FF04EA}"
EndProject
Global
	GlobalSection(SolutionConfigurationPlatforms) = preSolution
		Debug|Any CPU = Debug|Any CPU
		Release|Any CPU = Release|Any CPU
	EndGlobalSection
	GlobalSection(ProjectConfigurationPlatforms) = postSolution
		{95BC931A-2F6B-43A2-B0D5-379F12FF04EA}.Debug|Any CPU.ActiveCfg = Debug|Any CPU
		{95BC931A-2F6B-43A2-B0D5-379F12FF04EA}.Debug|Any CPU.Build.0 = Debug|Any CPU
		{95BC931A-2F6B-43A2-B0D5-379F12FF04EA}.Release|Any CPU.ActiveCfg = Release|Any CPU
		{95BC931A-2F6B-43A2-B0D5-379F12FF04EA}.Release|Any CPU.Build.0 = Release|Any CPU
	EndGlobalSection
	GlobalSection(SolutionProperties) = preSolution
		HideSolutionNode = FALSE
	EndGlobalSection
	GlobalSection(ExtensibilityGlobals) = postSolution
		SolutionGuid = {CAF62743-0165-4E73-ABA7-9361C121AE8A}
	EndGlobalSection
EndGlobal
