
Microsoft Visual Studio Solution File, Format Version 12.00
# Visual Studio Version 17
VisualStudioVersion = 17.7.34202.233
MinimumVisualStudioVersion = 10.0.40219.1
Project("{FAE04EC0-301F-11D3-BF4B-00C04F79EFBC}") = "ControlPanel", "ControlPanel.csproj", "{7F9E8F41-2E64-47EB-92FD-44BB045108C2}"
EndProject
Global
	GlobalSection(SolutionConfigurationPlatforms) = preSolution
		Debug|Any CPU = Debug|Any CPU
		Release|Any CPU = Release|Any CPU
	EndGlobalSection
	GlobalSection(ProjectConfigurationPlatforms) = postSolution
		{7F9E8F41-2E64-47EB-92FD-44BB045108C2}.Debug|Any CPU.ActiveCfg = Debug|Any CPU
		{7F9E8F41-2E64-47EB-92FD-44BB045108C2}.Debug|Any CPU.Build.0 = Debug|Any CPU
		{7F9E8F41-2E64-47EB-92FD-44BB045108C2}.Release|Any CPU.ActiveCfg = Release|Any CPU
		{7F9E8F41-2E64-47EB-92FD-44BB045108C2}.Release|Any CPU.Build.0 = Release|Any CPU
	EndGlobalSection
	GlobalSection(SolutionProperties) = preSolution
		HideSolutionNode = FALSE
	EndGlobalSection
	GlobalSection(ExtensibilityGlobals) = postSolution
		SolutionGuid = {F3C62F02-C081-4D5A-B610-870728B098D4}
	EndGlobalSection
EndGlobal
